
Microsoft Visual Studio Solution File, Format Version 12.00
# Visual Studio 2013
VisualStudioVersion = 12.0.21005.1
MinimumVisualStudioVersion = 10.0.40219.1
Project("{FAE04EC0-301F-11D3-BF4B-00C04F79EFBC}") = "ImageViewer", "ImageViewer\ImageViewer.csproj", "{E9FF45F9-B542-458C-992C-97A1A25FD96A}"
EndProject
Project("{FAE04EC0-301F-11D3-BF4B-00C04F79EFBC}") = "PluginInterface", "PluginInterface\PluginInterface.csproj", "{9B8C90A2-3F33-4066-AB7F-8C8279A2BF25}"
EndProject
Project("{FAE04EC0-301F-11D3-BF4B-00C04F79EFBC}") = "RotatePlugin", "ResizePlugin\RotatePlugin.csproj", "{8B530273-00DE-4EF2-9AF2-95E2C56C0160}"
EndProject
Project("{FAE04EC0-301F-11D3-BF4B-00C04F79EFBC}") = "GreyscalePlugin", "SepiaPlugin\GreyscalePlugin.csproj", "{0490E5D0-71C4-4716-AB38-840D348B38E7}"
EndProject
Global
	GlobalSection(SolutionConfigurationPlatforms) = preSolution
		Debug|Any CPU = Debug|Any CPU
		Release|Any CPU = Release|Any CPU
	EndGlobalSection
	GlobalSection(ProjectConfigurationPlatforms) = postSolution
		{E9FF45F9-B542-458C-992C-97A1A25FD96A}.Debug|Any CPU.ActiveCfg = Debug|Any CPU
		{E9FF45F9-B542-458C-992C-97A1A25FD96A}.Debug|Any CPU.Build.0 = Debug|Any CPU
		{E9FF45F9-B542-458C-992C-97A1A25FD96A}.Release|Any CPU.ActiveCfg = Release|Any CPU
		{E9FF45F9-B542-458C-992C-97A1A25FD96A}.Release|Any CPU.Build.0 = Release|Any CPU
		{9B8C90A2-3F33-4066-AB7F-8C8279A2BF25}.Debug|Any CPU.ActiveCfg = Debug|Any CPU
		{9B8C90A2-3F33-4066-AB7F-8C8279A2BF25}.Debug|Any CPU.Build.0 = Debug|Any CPU
		{9B8C90A2-3F33-4066-AB7F-8C8279A2BF25}.Release|Any CPU.ActiveCfg = Release|Any CPU
		{9B8C90A2-3F33-4066-AB7F-8C8279A2BF25}.Release|Any CPU.Build.0 = Release|Any CPU
		{8B530273-00DE-4EF2-9AF2-95E2C56C0160}.Debug|Any CPU.ActiveCfg = Debug|Any CPU
		{8B530273-00DE-4EF2-9AF2-95E2C56C0160}.Debug|Any CPU.Build.0 = Debug|Any CPU
		{8B530273-00DE-4EF2-9AF2-95E2C56C0160}.Release|Any CPU.ActiveCfg = Release|Any CPU
		{8B530273-00DE-4EF2-9AF2-95E2C56C0160}.Release|Any CPU.Build.0 = Release|Any CPU
		{0490E5D0-71C4-4716-AB38-840D348B38E7}.Debug|Any CPU.ActiveCfg = Debug|Any CPU
		{0490E5D0-71C4-4716-AB38-840D348B38E7}.Debug|Any CPU.Build.0 = Debug|Any CPU
		{0490E5D0-71C4-4716-AB38-840D348B38E7}.Release|Any CPU.ActiveCfg = Release|Any CPU
		{0490E5D0-71C4-4716-AB38-840D348B38E7}.Release|Any CPU.Build.0 = Release|Any CPU
	EndGlobalSection
	GlobalSection(SolutionProperties) = preSolution
		HideSolutionNode = FALSE
	EndGlobalSection
EndGlobal
